
Microsoft Visual Studio Solution File, Format Version 12.00
# Visual Studio Version 17
VisualStudioVersion = 17.5.002.0
MinimumVisualStudioVersion = 10.0.40219.1
Project("{9A19103F-16F7-4668-BE54-9A1E7A4F7556}") = "PODBooking.Repositories", "PODBooking.Repositories.csproj", "{A4ED162A-1390-4C39-B95D-9C050589DE91}"
EndProject
Global
	GlobalSection(SolutionConfigurationPlatforms) = preSolution
		Debug|Any CPU = Debug|Any CPU
		Release|Any CPU = Release|Any CPU
	EndGlobalSection
	GlobalSection(ProjectConfigurationPlatforms) = postSolution
		{A4ED162A-1390-4C39-B95D-9C050589DE91}.Debug|Any CPU.ActiveCfg = Debug|Any CPU
		{A4ED162A-1390-4C39-B95D-9C050589DE91}.Debug|Any CPU.Build.0 = Debug|Any CPU
		{A4ED162A-1390-4C39-B95D-9C050589DE91}.Release|Any CPU.ActiveCfg = Release|Any CPU
		{A4ED162A-1390-4C39-B95D-9C050589DE91}.Release|Any CPU.Build.0 = Release|Any CPU
	EndGlobalSection
	GlobalSection(SolutionProperties) = preSolution
		HideSolutionNode = FALSE
	EndGlobalSection
	GlobalSection(ExtensibilityGlobals) = postSolution
		SolutionGuid = {D5366AB6-CCF9-4D5C-A8F7-7ADFF62C4065}
	EndGlobalSection
EndGlobal
